// !$*UTF8*$!
{
	archiveVersion = 1;
	classes = {
	};
	objectVersion = 51;
	objects = {

/* Begin PBXBuildFile section */
		F60F0851268EDF8E00E2876A /* AppDelegate.swift in Sources */ = {isa = PBXBuildFile; fileRef = F60F0850268EDF8E00E2876A /* AppDelegate.swift */; };
		F60F0853268EDF8E00E2876A /* SceneDelegate.swift in Sources */ = {isa = PBXBuildFile; fileRef = F60F0852268EDF8E00E2876A /* SceneDelegate.swift */; };
		F60F085A268EDF9000E2876A /* Assets.xcassets in Resources */ = {isa = PBXBuildFile; fileRef = F60F0859268EDF9000E2876A /* Assets.xcassets */; };
		F60F085D268EDF9000E2876A /* LaunchScreen.storyboard in Resources */ = {isa = PBXBuildFile; fileRef = F60F085B268EDF9000E2876A /* LaunchScreen.storyboard */; };
		F60F0869268EE66D00E2876A /* EntryListVC.swift in Sources */ = {isa = PBXBuildFile; fileRef = F60F0868268EE66D00E2876A /* EntryListVC.swift */; };
		F60F086B268EE9EC00E2876A /* Entry.swift in Sources */ = {isa = PBXBuildFile; fileRef = F60F086A268EE9EC00E2876A /* Entry.swift */; };
		F60F086E268EEA1400E2876A /* EntryTree.swift in Sources */ = {isa = PBXBuildFile; fileRef = F60F086D268EEA1400E2876A /* EntryTree.swift */; };
		F67D5165269710160009E2D3 /* DataFetcher.swift in Sources */ = {isa = PBXBuildFile; fileRef = F67D5164269710160009E2D3 /* DataFetcher.swift */; };
		F6A61DEE2694911B00BEB212 /* EntryListVC+Protocols.swift in Sources */ = {isa = PBXBuildFile; fileRef = F6A61DED2694911B00BEB212 /* EntryListVC+Protocols.swift */; };
		F6A61DF0269491D400BEB212 /* TableViewCell.swift in Sources */ = {isa = PBXBuildFile; fileRef = F6A61DEF269491D400BEB212 /* TableViewCell.swift */; };
		F6A61DF42694CEF700BEB212 /* EntryListVC+functions.swift in Sources */ = {isa = PBXBuildFile; fileRef = F6A61DF32694CEF700BEB212 /* EntryListVC+functions.swift */; };
		F6A61DF62695832400BEB212 /* CollectionViewCell.swift in Sources */ = {isa = PBXBuildFile; fileRef = F6A61DF52695832400BEB212 /* CollectionViewCell.swift */; };
		F6A61DF82695B77200BEB212 /* DummyCollectionViewCell.swift in Sources */ = {isa = PBXBuildFile; fileRef = F6A61DF72695B77200BEB212 /* DummyCollectionViewCell.swift */; };
		FB82174FF3DD3911C0624F66 /* Pods_PDFExpertUIKit.framework in Frameworks */ = {isa = PBXBuildFile; fileRef = 699DE855EC15B8DB64AFDC5E /* Pods_PDFExpertUIKit.framework */; };
/* End PBXBuildFile section */

/* Begin PBXFileReference section */
		5F314FBC873E18673733CB3F /* Pods-PDFExpertUIKit.release.xcconfig */ = {isa = PBXFileReference; includeInIndex = 1; lastKnownFileType = text.xcconfig; name = "Pods-PDFExpertUIKit.release.xcconfig"; path = "Target Support Files/Pods-PDFExpertUIKit/Pods-PDFExpertUIKit.release.xcconfig"; sourceTree = "<group>"; };
		6739A3B9D5145D383B8A9544 /* Pods-PDFExpertUIKit.debug.xcconfig */ = {isa = PBXFileReference; includeInIndex = 1; lastKnownFileType = text.xcconfig; name = "Pods-PDFExpertUIKit.debug.xcconfig"; path = "Target Support Files/Pods-PDFExpertUIKit/Pods-PDFExpertUIKit.debug.xcconfig"; sourceTree = "<group>"; };
		699DE855EC15B8DB64AFDC5E /* Pods_PDFExpertUIKit.framework */ = {isa = PBXFileReference; explicitFileType = wrapper.framework; includeInIndex = 0; path = Pods_PDFExpertUIKit.framework; sourceTree = BUILT_PRODUCTS_DIR; };
		F60F084D268EDF8E00E2876A /* PDFExpertUIKit.app */ = {isa = PBXFileReference; explicitFileType = wrapper.application; includeInIndex = 0; path = PDFExpertUIKit.app; sourceTree = BUILT_PRODUCTS_DIR; };
		F60F0850268EDF8E00E2876A /* AppDelegate.swift */ = {isa = PBXFileReference; lastKnownFileType = sourcecode.swift; path = AppDelegate.swift; sourceTree = "<group>"; };
		F60F0852268EDF8E00E2876A /* SceneDelegate.swift */ = {isa = PBXFileReference; lastKnownFileType = sourcecode.swift; path = SceneDelegate.swift; sourceTree = "<group>"; };
		F60F0859268EDF9000E2876A /* Assets.xcassets */ = {isa = PBXFileReference; lastKnownFileType = folder.assetcatalog; path = Assets.xcassets; sourceTree = "<group>"; };
		F60F085C268EDF9000E2876A /* Base */ = {isa = PBXFileReference; lastKnownFileType = file.storyboard; name = Base; path = Base.lproj/LaunchScreen.storyboard; sourceTree = "<group>"; };
		F60F085E268EDF9000E2876A /* Info.plist */ = {isa = PBXFileReference; lastKnownFileType = text.plist.xml; path = Info.plist; sourceTree = "<group>"; };
		F60F0868268EE66D00E2876A /* EntryListVC.swift */ = {isa = PBXFileReference; lastKnownFileType = sourcecode.swift; path = EntryListVC.swift; sourceTree = "<group>"; };
		F60F086A268EE9EC00E2876A /* Entry.swift */ = {isa = PBXFileReference; lastKnownFileType = sourcecode.swift; path = Entry.swift; sourceTree = "<group>"; };
		F60F086D268EEA1400E2876A /* EntryTree.swift */ = {isa = PBXFileReference; lastKnownFileType = sourcecode.swift; path = EntryTree.swift; sourceTree = "<group>"; };
		F67D5164269710160009E2D3 /* DataFetcher.swift */ = {isa = PBXFileReference; lastKnownFileType = sourcecode.swift; path = DataFetcher.swift; sourceTree = "<group>"; };
		F6A61DED2694911B00BEB212 /* EntryListVC+Protocols.swift */ = {isa = PBXFileReference; lastKnownFileType = sourcecode.swift; path = "EntryListVC+Protocols.swift"; sourceTree = "<group>"; };
		F6A61DEF269491D400BEB212 /* TableViewCell.swift */ = {isa = PBXFileReference; lastKnownFileType = sourcecode.swift; path = TableViewCell.swift; sourceTree = "<group>"; };
		F6A61DF32694CEF700BEB212 /* EntryListVC+functions.swift */ = {isa = PBXFileReference; lastKnownFileType = sourcecode.swift; path = "EntryListVC+functions.swift"; sourceTree = "<group>"; };
		F6A61DF52695832400BEB212 /* CollectionViewCell.swift */ = {isa = PBXFileReference; lastKnownFileType = sourcecode.swift; path = CollectionViewCell.swift; sourceTree = "<group>"; };
		F6A61DF72695B77200BEB212 /* DummyCollectionViewCell.swift */ = {isa = PBXFileReference; lastKnownFileType = sourcecode.swift; path = DummyCollectionViewCell.swift; sourceTree = "<group>"; };
/* End PBXFileReference section */

/* Begin PBXFrameworksBuildPhase section */
		F60F084A268EDF8E00E2876A /* Frameworks */ = {
			isa = PBXFrameworksBuildPhase;
			buildActionMask = 2147483647;
			files = (
				FB82174FF3DD3911C0624F66 /* Pods_PDFExpertUIKit.framework in Frameworks */,
			);
			runOnlyForDeploymentPostprocessing = 0;
		};
/* End PBXFrameworksBuildPhase section */

/* Begin PBXGroup section */
		7F5A3DAC2E59BE8B560067A8 /* Pods */ = {
			isa = PBXGroup;
			children = (
				6739A3B9D5145D383B8A9544 /* Pods-PDFExpertUIKit.debug.xcconfig */,
				5F314FBC873E18673733CB3F /* Pods-PDFExpertUIKit.release.xcconfig */,
			);
			path = Pods;
			sourceTree = "<group>";
		};
		B186A64682EA28300A6D968D /* Frameworks */ = {
			isa = PBXGroup;
			children = (
				699DE855EC15B8DB64AFDC5E /* Pods_PDFExpertUIKit.framework */,
			);
			name = Frameworks;
			sourceTree = "<group>";
		};
		F60F0844268EDF8E00E2876A = {
			isa = PBXGroup;
			children = (
				F60F084F268EDF8E00E2876A /* PDFExpertUIKit */,
				F60F084E268EDF8E00E2876A /* Products */,
				7F5A3DAC2E59BE8B560067A8 /* Pods */,
				B186A64682EA28300A6D968D /* Frameworks */,
			);
			sourceTree = "<group>";
		};
		F60F084E268EDF8E00E2876A /* Products */ = {
			isa = PBXGroup;
			children = (
				F60F084D268EDF8E00E2876A /* PDFExpertUIKit.app */,
			);
			name = Products;
			sourceTree = "<group>";
		};
		F60F084F268EDF8E00E2876A /* PDFExpertUIKit */ = {
			isa = PBXGroup;
			children = (
				F60F0850268EDF8E00E2876A /* AppDelegate.swift */,
				F60F0852268EDF8E00E2876A /* SceneDelegate.swift */,
				F67D5164269710160009E2D3 /* DataFetcher.swift */,
				F6A61DF22694CEA900BEB212 /* Views */,
				F60F086C268EE9FC00E2876A /* Controllers */,
				F60F086F268EEA2000E2876A /* Model */,
				F60F0859268EDF9000E2876A /* Assets.xcassets */,
				F60F085B268EDF9000E2876A /* LaunchScreen.storyboard */,
				F60F085E268EDF9000E2876A /* Info.plist */,
			);
			path = PDFExpertUIKit;
			sourceTree = "<group>";
		};
		F60F086C268EE9FC00E2876A /* Controllers */ = {
			isa = PBXGroup;
			children = (
				F60F0868268EE66D00E2876A /* EntryListVC.swift */,
				F6A61DF32694CEF700BEB212 /* EntryListVC+functions.swift */,
				F6A61DED2694911B00BEB212 /* EntryListVC+Protocols.swift */,
			);
			path = Controllers;
			sourceTree = "<group>";
		};
		F60F086F268EEA2000E2876A /* Model */ = {
			isa = PBXGroup;
			children = (
				F60F086A268EE9EC00E2876A /* Entry.swift */,
				F60F086D268EEA1400E2876A /* EntryTree.swift */,
			);
			path = Model;
			sourceTree = "<group>";
		};
		F6A61DF22694CEA900BEB212 /* Views */ = {
			isa = PBXGroup;
			children = (
				F6A61DEF269491D400BEB212 /* TableViewCell.swift */,
				F6A61DF52695832400BEB212 /* CollectionViewCell.swift */,
				F6A61DF72695B77200BEB212 /* DummyCollectionViewCell.swift */,
			);
			path = Views;
			sourceTree = "<group>";
		};
/* End PBXGroup section */

/* Begin PBXNativeTarget section */
		F60F084C268EDF8E00E2876A /* PDFExpertUIKit */ = {
			isa = PBXNativeTarget;
			buildConfigurationList = F60F0861268EDF9000E2876A /* Build configuration list for PBXNativeTarget "PDFExpertUIKit" */;
			buildPhases = (
				20B5FE0C4757DBCC65B079DC /* [CP] Check Pods Manifest.lock */,
				F60F0849268EDF8E00E2876A /* Sources */,
				F60F084A268EDF8E00E2876A /* Frameworks */,
				F60F084B268EDF8E00E2876A /* Resources */,
				765F2EEEB385CB2E97475D67 /* [CP] Embed Pods Frameworks */,
			);
			buildRules = (
			);
			dependencies = (
			);
			name = PDFExpertUIKit;
			productName = PDFExpertUIKit;
			productReference = F60F084D268EDF8E00E2876A /* PDFExpertUIKit.app */;
			productType = "com.apple.product-type.application";
		};
/* End PBXNativeTarget section */

/* Begin PBXProject section */
		F60F0845268EDF8E00E2876A /* Project object */ = {
			isa = PBXProject;
			attributes = {
				LastSwiftUpdateCheck = 1250;
				LastUpgradeCheck = 1250;
				TargetAttributes = {
					F60F084C268EDF8E00E2876A = {
						CreatedOnToolsVersion = 12.5.1;
					};
				};
			};
			buildConfigurationList = F60F0848268EDF8E00E2876A /* Build configuration list for PBXProject "PDFExpertUIKit" */;
			compatibilityVersion = "Xcode 9.3";
			developmentRegion = en;
			hasScannedForEncodings = 0;
			knownRegions = (
				en,
				Base,
			);
			mainGroup = F60F0844268EDF8E00E2876A;
			productRefGroup = F60F084E268EDF8E00E2876A /* Products */;
			projectDirPath = "";
			projectRoot = "";
			targets = (
				F60F084C268EDF8E00E2876A /* PDFExpertUIKit */,
			);
		};
/* End PBXProject section */

/* Begin PBXResourcesBuildPhase section */
		F60F084B268EDF8E00E2876A /* Resources */ = {
			isa = PBXResourcesBuildPhase;
			buildActionMask = 2147483647;
			files = (
				F60F085D268EDF9000E2876A /* LaunchScreen.storyboard in Resources */,
				F60F085A268EDF9000E2876A /* Assets.xcassets in Resources */,
			);
			runOnlyForDeploymentPostprocessing = 0;
		};
/* End PBXResourcesBuildPhase section */

/* Begin PBXShellScriptBuildPhase section */
		20B5FE0C4757DBCC65B079DC /* [CP] Check Pods Manifest.lock */ = {
			isa = PBXShellScriptBuildPhase;
			buildActionMask = 2147483647;
			files = (
			);
			inputFileListPaths = (
			);
			inputPaths = (
				"${PODS_PODFILE_DIR_PATH}/Podfile.lock",
				"${PODS_ROOT}/Manifest.lock",
			);
			name = "[CP] Check Pods Manifest.lock";
			outputFileListPaths = (
			);
			outputPaths = (
				"$(DERIVED_FILE_DIR)/Pods-PDFExpertUIKit-checkManifestLockResult.txt",
			);
			runOnlyForDeploymentPostprocessing = 0;
			shellPath = /bin/sh;
			shellScript = "diff \"${PODS_PODFILE_DIR_PATH}/Podfile.lock\" \"${PODS_ROOT}/Manifest.lock\" > /dev/null\nif [ $? != 0 ] ; then\n    # print error to STDERR\n    echo \"error: The sandbox is not in sync with the Podfile.lock. Run 'pod install' or update your CocoaPods installation.\" >&2\n    exit 1\nfi\n# This output is used by Xcode 'outputs' to avoid re-running this script phase.\necho \"SUCCESS\" > \"${SCRIPT_OUTPUT_FILE_0}\"\n";
			showEnvVarsInLog = 0;
		};
		765F2EEEB385CB2E97475D67 /* [CP] Embed Pods Frameworks */ = {
			isa = PBXShellScriptBuildPhase;
			buildActionMask = 2147483647;
			files = (
			);
			inputFileListPaths = (
				"${PODS_ROOT}/Target Support Files/Pods-PDFExpertUIKit/Pods-PDFExpertUIKit-frameworks-${CONFIGURATION}-input-files.xcfilelist",
			);
			name = "[CP] Embed Pods Frameworks";
			outputFileListPaths = (
				"${PODS_ROOT}/Target Support Files/Pods-PDFExpertUIKit/Pods-PDFExpertUIKit-frameworks-${CONFIGURATION}-output-files.xcfilelist",
			);
			runOnlyForDeploymentPostprocessing = 0;
			shellPath = /bin/sh;
			shellScript = "\"${PODS_ROOT}/Target Support Files/Pods-PDFExpertUIKit/Pods-PDFExpertUIKit-frameworks.sh\"\n";
			showEnvVarsInLog = 0;
		};
/* End PBXShellScriptBuildPhase section */

/* Begin PBXSourcesBuildPhase section */
		F60F0849268EDF8E00E2876A /* Sources */ = {
			isa = PBXSourcesBuildPhase;
			buildActionMask = 2147483647;
			files = (
				F6A61DF62695832400BEB212 /* CollectionViewCell.swift in Sources */,
				F67D5165269710160009E2D3 /* DataFetcher.swift in Sources */,
				F60F086E268EEA1400E2876A /* EntryTree.swift in Sources */,
				F60F086B268EE9EC00E2876A /* Entry.swift in Sources */,
				F6A61DF0269491D400BEB212 /* TableViewCell.swift in Sources */,
				F60F0851268EDF8E00E2876A /* AppDelegate.swift in Sources */,
				F60F0853268EDF8E00E2876A /* SceneDelegate.swift in Sources */,
				F6A61DF42694CEF700BEB212 /* EntryListVC+functions.swift in Sources */,
				F6A61DF82695B77200BEB212 /* DummyCollectionViewCell.swift in Sources */,
				F60F0869268EE66D00E2876A /* EntryListVC.swift in Sources */,
				F6A61DEE2694911B00BEB212 /* EntryListVC+Protocols.swift in Sources */,
			);
			runOnlyForDeploymentPostprocessing = 0;
		};
/* End PBXSourcesBuildPhase section */

/* Begin PBXVariantGroup section */
		F60F085B268EDF9000E2876A /* LaunchScreen.storyboard */ = {
			isa = PBXVariantGroup;
			children = (
				F60F085C268EDF9000E2876A /* Base */,
			);
			name = LaunchScreen.storyboard;
			sourceTree = "<group>";
		};
/* End PBXVariantGroup section */

/* Begin XCBuildConfiguration section */
		F60F085F268EDF9000E2876A /* Debug */ = {
			isa = XCBuildConfiguration;
			buildSettings = {
				ALWAYS_SEARCH_USER_PATHS = NO;
				CLANG_ANALYZER_NONNULL = YES;
				CLANG_ANALYZER_NUMBER_OBJECT_CONVERSION = YES_AGGRESSIVE;
				CLANG_CXX_LANGUAGE_STANDARD = "gnu++14";
				CLANG_CXX_LIBRARY = "libc++";
				CLANG_ENABLE_MODULES = YES;
				CLANG_ENABLE_OBJC_ARC = YES;
				CLANG_ENABLE_OBJC_WEAK = YES;
				CLANG_WARN_BLOCK_CAPTURE_AUTORELEASING = YES;
				CLANG_WARN_BOOL_CONVERSION = YES;
				CLANG_WARN_COMMA = YES;
				CLANG_WARN_CONSTANT_CONVERSION = YES;
				CLANG_WARN_DEPRECATED_OBJC_IMPLEMENTATIONS = YES;
				CLANG_WARN_DIRECT_OBJC_ISA_USAGE = YES_ERROR;
				CLANG_WARN_DOCUMENTATION_COMMENTS = YES;
				CLANG_WARN_EMPTY_BODY = YES;
				CLANG_WARN_ENUM_CONVERSION = YES;
				CLANG_WARN_INFINITE_RECURSION = YES;
				CLANG_WARN_INT_CONVERSION = YES;
				CLANG_WARN_NON_LITERAL_NULL_CONVERSION = YES;
				CLANG_WARN_OBJC_IMPLICIT_RETAIN_SELF = YES;
				CLANG_WARN_OBJC_LITERAL_CONVERSION = YES;
				CLANG_WARN_OBJC_ROOT_CLASS = YES_ERROR;
				CLANG_WARN_QUOTED_INCLUDE_IN_FRAMEWORK_HEADER = YES;
				CLANG_WARN_RANGE_LOOP_ANALYSIS = YES;
				CLANG_WARN_STRICT_PROTOTYPES = YES;
				CLANG_WARN_SUSPICIOUS_MOVE = YES;
				CLANG_WARN_UNGUARDED_AVAILABILITY = YES_AGGRESSIVE;
				CLANG_WARN_UNREACHABLE_CODE = YES;
				CLANG_WARN__DUPLICATE_METHOD_MATCH = YES;
				COPY_PHASE_STRIP = NO;
				DEBUG_INFORMATION_FORMAT = dwarf;
				ENABLE_STRICT_OBJC_MSGSEND = YES;
				ENABLE_TESTABILITY = YES;
				GCC_C_LANGUAGE_STANDARD = gnu11;
				GCC_DYNAMIC_NO_PIC = NO;
				GCC_NO_COMMON_BLOCKS = YES;
				GCC_OPTIMIZATION_LEVEL = 0;
				GCC_PREPROCESSOR_DEFINITIONS = (
					"DEBUG=1",
					"$(inherited)",
				);
				GCC_WARN_64_TO_32_BIT_CONVERSION = YES;
				GCC_WARN_ABOUT_RETURN_TYPE = YES_ERROR;
				GCC_WARN_UNDECLARED_SELECTOR = YES;
				GCC_WARN_UNINITIALIZED_AUTOS = YES_AGGRESSIVE;
				GCC_WARN_UNUSED_FUNCTION = YES;
				GCC_WARN_UNUSED_VARIABLE = YES;
				IPHONEOS_DEPLOYMENT_TARGET = 14.5;
				MTL_ENABLE_DEBUG_INFO = INCLUDE_SOURCE;
				MTL_FAST_MATH = YES;
				ONLY_ACTIVE_ARCH = YES;
				SDKROOT = iphoneos;
				SWIFT_ACTIVE_COMPILATION_CONDITIONS = DEBUG;
				SWIFT_OPTIMIZATION_LEVEL = "-Onone";
			};
			name = Debug;
		};
		F60F0860268EDF9000E2876A /* Release */ = {
			isa = XCBuildConfiguration;
			buildSettings = {
				ALWAYS_SEARCH_USER_PATHS = NO;
				CLANG_ANALYZER_NONNULL = YES;
				CLANG_ANALYZER_NUMBER_OBJECT_CONVERSION = YES_AGGRESSIVE;
				CLANG_CXX_LANGUAGE_STANDARD = "gnu++14";
				CLANG_CXX_LIBRARY = "libc++";
				CLANG_ENABLE_MODULES = YES;
				CLANG_ENABLE_OBJC_ARC = YES;
				CLANG_ENABLE_OBJC_WEAK = YES;
				CLANG_WARN_BLOCK_CAPTURE_AUTORELEASING = YES;
				CLANG_WARN_BOOL_CONVERSION = YES;
				CLANG_WARN_COMMA = YES;
				CLANG_WARN_CONSTANT_CONVERSION = YES;
				CLANG_WARN_DEPRECATED_OBJC_IMPLEMENTATIONS = YES;
				CLANG_WARN_DIRECT_OBJC_ISA_USAGE = YES_ERROR;
				CLANG_WARN_DOCUMENTATION_COMMENTS = YES;
				CLANG_WARN_EMPTY_BODY = YES;
				CLANG_WARN_ENUM_CONVERSION = YES;
				CLANG_WARN_INFINITE_RECURSION = YES;
				CLANG_WARN_INT_CONVERSION = YES;
				CLANG_WARN_NON_LITERAL_NULL_CONVERSION = YES;
				CLANG_WARN_OBJC_IMPLICIT_RETAIN_SELF = YES;
				CLANG_WARN_OBJC_LITERAL_CONVERSION = YES;
				CLANG_WARN_OBJC_ROOT_CLASS = YES_ERROR;
				CLANG_WARN_QUOTED_INCLUDE_IN_FRAMEWORK_HEADER = YES;
				CLANG_WARN_RANGE_LOOP_ANALYSIS = YES;
				CLANG_WARN_STRICT_PROTOTYPES = YES;
				CLANG_WARN_SUSPICIOUS_MOVE = YES;
				CLANG_WARN_UNGUARDED_AVAILABILITY = YES_AGGRESSIVE;
				CLANG_WARN_UNREACHABLE_CODE = YES;
				CLANG_WARN__DUPLICATE_METHOD_MATCH = YES;
				COPY_PHASE_STRIP = NO;
				DEBUG_INFORMATION_FORMAT = "dwarf-with-dsym";
				ENABLE_NS_ASSERTIONS = NO;
				ENABLE_STRICT_OBJC_MSGSEND = YES;
				GCC_C_LANGUAGE_STANDARD = gnu11;
				GCC_NO_COMMON_BLOCKS = YES;
				GCC_WARN_64_TO_32_BIT_CONVERSION = YES;
				GCC_WARN_ABOUT_RETURN_TYPE = YES_ERROR;
				GCC_WARN_UNDECLARED_SELECTOR = YES;
				GCC_WARN_UNINITIALIZED_AUTOS = YES_AGGRESSIVE;
				GCC_WARN_UNUSED_FUNCTION = YES;
				GCC_WARN_UNUSED_VARIABLE = YES;
				IPHONEOS_DEPLOYMENT_TARGET = 14.5;
				MTL_ENABLE_DEBUG_INFO = NO;
				MTL_FAST_MATH = YES;
				SDKROOT = iphoneos;
				SWIFT_COMPILATION_MODE = wholemodule;
				SWIFT_OPTIMIZATION_LEVEL = "-O";
				VALIDATE_PRODUCT = YES;
			};
			name = Release;
		};
		F60F0862268EDF9000E2876A /* Debug */ = {
			isa = XCBuildConfiguration;
			baseConfigurationReference = 6739A3B9D5145D383B8A9544 /* Pods-PDFExpertUIKit.debug.xcconfig */;
			buildSettings = {
				ASSETCATALOG_COMPILER_APPICON_NAME = AppIcon;
				ASSETCATALOG_COMPILER_GLOBAL_ACCENT_COLOR_NAME = AccentColor;
				CODE_SIGN_STYLE = Automatic;
				DEVELOPMENT_TEAM = S78TV7LBC7;
				INFOPLIST_FILE = PDFExpertUIKit/Info.plist;
				LD_RUNPATH_SEARCH_PATHS = (
					"$(inherited)",
					"@executable_path/Frameworks",
				);
				PRODUCT_BUNDLE_IDENTIFIER = com.NazariyVysokinskyi.PDFExpertUIKit;
				PRODUCT_NAME = "$(TARGET_NAME)";
				SWIFT_VERSION = 5.0;
				TARGETED_DEVICE_FAMILY = "1,2";
			};
			name = Debug;
		};
		F60F0863268EDF9000E2876A /* Release */ = {
			isa = XCBuildConfiguration;
			baseConfigurationReference = 5F314FBC873E18673733CB3F /* Pods-PDFExpertUIKit.release.xcconfig */;
			buildSettings = {
				ASSETCATALOG_COMPILER_APPICON_NAME = AppIcon;
				ASSETCATALOG_COMPILER_GLOBAL_ACCENT_COLOR_NAME = AccentColor;
				CODE_SIGN_STYLE = Automatic;
				DEVELOPMENT_TEAM = S78TV7LBC7;
				INFOPLIST_FILE = PDFExpertUIKit/Info.plist;
				LD_RUNPATH_SEARCH_PATHS = (
					"$(inherited)",
					"@executable_path/Frameworks",
				);
				PRODUCT_BUNDLE_IDENTIFIER = com.NazariyVysokinskyi.PDFExpertUIKit;
				PRODUCT_NAME = "$(TARGET_NAME)";
				SWIFT_VERSION = 5.0;
				TARGETED_DEVICE_FAMILY = "1,2";
			};
			name = Release;
		};
/* End XCBuildConfiguration section */

/* Begin XCConfigurationList section */
		F60F0848268EDF8E00E2876A /* Build configuration list for PBXProject "PDFExpertUIKit" */ = {
			isa = XCConfigurationList;
			buildConfigurations = (
				F60F085F268EDF9000E2876A /* Debug */,
				F60F0860268EDF9000E2876A /* Release */,
			);
			defaultConfigurationIsVisible = 0;
			defaultConfigurationName = Release;
		};
		F60F0861268EDF9000E2876A /* Build configuration list for PBXNativeTarget "PDFExpertUIKit" */ = {
			isa = XCConfigurationList;
			buildConfigurations = (
				F60F0862268EDF9000E2876A /* Debug */,
				F60F0863268EDF9000E2876A /* Release */,
			);
			defaultConfigurationIsVisible = 0;
			defaultConfigurationName = Release;
		};
/* End XCConfigurationList section */
	};
	rootObject = F60F0845268EDF8E00E2876A /* Project object */;
}
